
Microsoft Visual Studio Solution File, Format Version 12.00
# Visual Studio Version 16
VisualStudioVersion = 16.0.32228.343
MinimumVisualStudioVersion = 10.0.40219.1
Project("{9A19103F-16F7-4668-BE54-9A1E7A4F7556}") = "BackEnd", "BackEnd.csproj", "{FCC5993C-7CA0-41D0-ACC8-2EE9BFF38C22}"
EndProject
Global
	GlobalSection(SolutionConfigurationPlatforms) = preSolution
		Debug|Any CPU = Debug|Any CPU
		Release|Any CPU = Release|Any CPU
	EndGlobalSection
	GlobalSection(ProjectConfigurationPlatforms) = postSolution
		{FCC5993C-7CA0-41D0-ACC8-2EE9BFF38C22}.Debug|Any CPU.ActiveCfg = Debug|Any CPU
		{FCC5993C-7CA0-41D0-ACC8-2EE9BFF38C22}.Debug|Any CPU.Build.0 = Debug|Any CPU
		{FCC5993C-7CA0-41D0-ACC8-2EE9BFF38C22}.Release|Any CPU.ActiveCfg = Release|Any CPU
		{FCC5993C-7CA0-41D0-ACC8-2EE9BFF38C22}.Release|Any CPU.Build.0 = Release|Any CPU
	EndGlobalSection
	GlobalSection(SolutionProperties) = preSolution
		HideSolutionNode = FALSE
	EndGlobalSection
	GlobalSection(ExtensibilityGlobals) = postSolution
		SolutionGuid = {00C70DBF-C2E7-4D2E-BA64-FE0CBF7E913D}
	EndGlobalSection
EndGlobal
